
Microsoft Visual Studio Solution File, Format Version 12.00
# Visual Studio Version 17
VisualStudioVersion = 17.9.34616.47
MinimumVisualStudioVersion = 10.0.40219.1
Project("{888888A0-9F3D-457C-B088-3A5042F75D52}") = "SentimentAnalysis", "SentimentAnalysis\SentimentAnalysis.pyproj", "{40852A95-0AF0-40FF-98D4-1EA1AAED1022}"
EndProject
Global
	GlobalSection(SolutionConfigurationPlatforms) = preSolution
		Debug|Any CPU = Debug|Any CPU
		Release|Any CPU = Release|Any CPU
	EndGlobalSection
	GlobalSection(ProjectConfigurationPlatforms) = postSolution
		{40852A95-0AF0-40FF-98D4-1EA1AAED1022}.Debug|Any CPU.ActiveCfg = Debug|Any CPU
		{40852A95-0AF0-40FF-98D4-1EA1AAED1022}.Release|Any CPU.ActiveCfg = Release|Any CPU
	EndGlobalSection
	GlobalSection(SolutionProperties) = preSolution
		HideSolutionNode = FALSE
	EndGlobalSection
	GlobalSection(ExtensibilityGlobals) = postSolution
		SolutionGuid = {DA4A7F76-B8A0-4617-B317-F01FC57601D4}
	EndGlobalSection
EndGlobal
